// !$*UTF8*$!
{
	archiveVersion = 1;
	classes = {
	};
	objectVersion = 46;
	objects = {

/* Begin PBXBuildFile section */
		F986634D19760C65001021CB /* Set.swift in Sources */ = {isa = PBXBuildFile; fileRef = F986634C19760C65001021CB /* Set.swift */; };
		F9C4A4EA1974A11D00CDCEDC /* AppDelegate.swift in Sources */ = {isa = PBXBuildFile; fileRef = F9C4A4E91974A11D00CDCEDC /* AppDelegate.swift */; };
		F9C4A4EE1974A11D00CDCEDC /* GameScene.swift in Sources */ = {isa = PBXBuildFile; fileRef = F9C4A4ED1974A11D00CDCEDC /* GameScene.swift */; };
		F9C4A4F01974A11D00CDCEDC /* GameViewController.swift in Sources */ = {isa = PBXBuildFile; fileRef = F9C4A4EF1974A11D00CDCEDC /* GameViewController.swift */; };
		F9C4A4F31974A11E00CDCEDC /* Main.storyboard in Resources */ = {isa = PBXBuildFile; fileRef = F9C4A4F11974A11E00CDCEDC /* Main.storyboard */; };
		F9C4A4F51974A11E00CDCEDC /* Images.xcassets in Resources */ = {isa = PBXBuildFile; fileRef = F9C4A4F41974A11E00CDCEDC /* Images.xcassets */; };
		F9C4A5011974A11E00CDCEDC /* CookieCrunchTests.swift in Sources */ = {isa = PBXBuildFile; fileRef = F9C4A5001974A11E00CDCEDC /* CookieCrunchTests.swift */; };
		F9C4A50B1974A19300CDCEDC /* Sprites.atlas in Resources */ = {isa = PBXBuildFile; fileRef = F9C4A50A1974A19300CDCEDC /* Sprites.atlas */; };
		F9C4A50D1974A58E00CDCEDC /* Cookie.swift in Sources */ = {isa = PBXBuildFile; fileRef = F9C4A50C1974A58E00CDCEDC /* Cookie.swift */; };
		F9C4A50F1974A91300CDCEDC /* Array2D.swift in Sources */ = {isa = PBXBuildFile; fileRef = F9C4A50E1974A91300CDCEDC /* Array2D.swift */; };
/* End PBXBuildFile section */

/* Begin PBXContainerItemProxy section */
		F9C4A4FB1974A11E00CDCEDC /* PBXContainerItemProxy */ = {
			isa = PBXContainerItemProxy;
			containerPortal = F9C4A4DC1974A11D00CDCEDC /* Project object */;
			proxyType = 1;
			remoteGlobalIDString = F9C4A4E31974A11D00CDCEDC;
			remoteInfo = CookieCrunch;
		};
/* End PBXContainerItemProxy section */

/* Begin PBXFileReference section */
		F986634C19760C65001021CB /* Set.swift */ = {isa = PBXFileReference; fileEncoding = 4; lastKnownFileType = sourcecode.swift; path = Set.swift; sourceTree = "<group>"; };
		F9C4A4E41974A11D00CDCEDC /* CookieCrunch.app */ = {isa = PBXFileReference; explicitFileType = wrapper.application; includeInIndex = 0; path = CookieCrunch.app; sourceTree = BUILT_PRODUCTS_DIR; };
		F9C4A4E81974A11D00CDCEDC /* Info.plist */ = {isa = PBXFileReference; lastKnownFileType = text.plist.xml; path = Info.plist; sourceTree = "<group>"; };
		F9C4A4E91974A11D00CDCEDC /* AppDelegate.swift */ = {isa = PBXFileReference; lastKnownFileType = sourcecode.swift; path = AppDelegate.swift; sourceTree = "<group>"; };
		F9C4A4ED1974A11D00CDCEDC /* GameScene.swift */ = {isa = PBXFileReference; lastKnownFileType = sourcecode.swift; path = GameScene.swift; sourceTree = "<group>"; };
		F9C4A4EF1974A11D00CDCEDC /* GameViewController.swift */ = {isa = PBXFileReference; lastKnownFileType = sourcecode.swift; path = GameViewController.swift; sourceTree = "<group>"; };
		F9C4A4F21974A11E00CDCEDC /* Base */ = {isa = PBXFileReference; lastKnownFileType = file.storyboard; name = Base; path = Base.lproj/Main.storyboard; sourceTree = "<group>"; };
		F9C4A4F41974A11E00CDCEDC /* Images.xcassets */ = {isa = PBXFileReference; lastKnownFileType = folder.assetcatalog; path = Images.xcassets; sourceTree = "<group>"; };
		F9C4A4FA1974A11E00CDCEDC /* CookieCrunchTests.xctest */ = {isa = PBXFileReference; explicitFileType = wrapper.cfbundle; includeInIndex = 0; path = CookieCrunchTests.xctest; sourceTree = BUILT_PRODUCTS_DIR; };
		F9C4A4FF1974A11E00CDCEDC /* Info.plist */ = {isa = PBXFileReference; lastKnownFileType = text.plist.xml; path = Info.plist; sourceTree = "<group>"; };
		F9C4A5001974A11E00CDCEDC /* CookieCrunchTests.swift */ = {isa = PBXFileReference; lastKnownFileType = sourcecode.swift; path = CookieCrunchTests.swift; sourceTree = "<group>"; };
		F9C4A50A1974A19300CDCEDC /* Sprites.atlas */ = {isa = PBXFileReference; lastKnownFileType = folder.skatlas; path = Sprites.atlas; sourceTree = "<group>"; };
		F9C4A50C1974A58E00CDCEDC /* Cookie.swift */ = {isa = PBXFileReference; fileEncoding = 4; lastKnownFileType = sourcecode.swift; path = Cookie.swift; sourceTree = "<group>"; };
		F9C4A50E1974A91300CDCEDC /* Array2D.swift */ = {isa = PBXFileReference; fileEncoding = 4; lastKnownFileType = sourcecode.swift; path = Array2D.swift; sourceTree = "<group>"; };
/* End PBXFileReference section */

/* Begin PBXFrameworksBuildPhase section */
		F9C4A4E11974A11D00CDCEDC /* Frameworks */ = {
			isa = PBXFrameworksBuildPhase;
			buildActionMask = 2147483647;
			files = (
			);
			runOnlyForDeploymentPostprocessing = 0;
		};
		F9C4A4F71974A11E00CDCEDC /* Frameworks */ = {
			isa = PBXFrameworksBuildPhase;
			buildActionMask = 2147483647;
			files = (
			);
			runOnlyForDeploymentPostprocessing = 0;
		};
/* End PBXFrameworksBuildPhase section */

/* Begin PBXGroup section */
		F9C4A4DB1974A11D00CDCEDC = {
			isa = PBXGroup;
			children = (
				F9C4A4E61974A11D00CDCEDC /* CookieCrunch */,
				F9C4A4FD1974A11E00CDCEDC /* CookieCrunchTests */,
				F9C4A4E51974A11D00CDCEDC /* Products */,
			);
			sourceTree = "<group>";
		};
		F9C4A4E51974A11D00CDCEDC /* Products */ = {
			isa = PBXGroup;
			children = (
				F9C4A4E41974A11D00CDCEDC /* CookieCrunch.app */,
				F9C4A4FA1974A11E00CDCEDC /* CookieCrunchTests.xctest */,
			);
			name = Products;
			sourceTree = "<group>";
		};
		F9C4A4E61974A11D00CDCEDC /* CookieCrunch */ = {
			isa = PBXGroup;
			children = (
				F9C4A4E91974A11D00CDCEDC /* AppDelegate.swift */,
				F9C4A4ED1974A11D00CDCEDC /* GameScene.swift */,
				F9C4A4EF1974A11D00CDCEDC /* GameViewController.swift */,
				F9C4A4F11974A11E00CDCEDC /* Main.storyboard */,
				F9C4A50C1974A58E00CDCEDC /* Cookie.swift */,
				F9C4A50E1974A91300CDCEDC /* Array2D.swift */,
				F9C4A4F41974A11E00CDCEDC /* Images.xcassets */,
				F9C4A50A1974A19300CDCEDC /* Sprites.atlas */,
				F9C4A4E71974A11D00CDCEDC /* Supporting Files */,
				F986634C19760C65001021CB /* Set.swift */,
			);
			path = CookieCrunch;
			sourceTree = "<group>";
		};
		F9C4A4E71974A11D00CDCEDC /* Supporting Files */ = {
			isa = PBXGroup;
			children = (
				F9C4A4E81974A11D00CDCEDC /* Info.plist */,
			);
			name = "Supporting Files";
			sourceTree = "<group>";
		};
		F9C4A4FD1974A11E00CDCEDC /* CookieCrunchTests */ = {
			isa = PBXGroup;
			children = (
				F9C4A5001974A11E00CDCEDC /* CookieCrunchTests.swift */,
				F9C4A4FE1974A11E00CDCEDC /* Supporting Files */,
			);
			path = CookieCrunchTests;
			sourceTree = "<group>";
		};
		F9C4A4FE1974A11E00CDCEDC /* Supporting Files */ = {
			isa = PBXGroup;
			children = (
				F9C4A4FF1974A11E00CDCEDC /* Info.plist */,
			);
			name = "Supporting Files";
			sourceTree = "<group>";
		};
/* End PBXGroup section */

/* Begin PBXNativeTarget section */
		F9C4A4E31974A11D00CDCEDC /* CookieCrunch */ = {
			isa = PBXNativeTarget;
			buildConfigurationList = F9C4A5041974A11E00CDCEDC /* Build configuration list for PBXNativeTarget "CookieCrunch" */;
			buildPhases = (
				F9C4A4E01974A11D00CDCEDC /* Sources */,
				F9C4A4E11974A11D00CDCEDC /* Frameworks */,
				F9C4A4E21974A11D00CDCEDC /* Resources */,
			);
			buildRules = (
			);
			dependencies = (
			);
			name = CookieCrunch;
			productName = CookieCrunch;
			productReference = F9C4A4E41974A11D00CDCEDC /* CookieCrunch.app */;
			productType = "com.apple.product-type.application";
		};
		F9C4A4F91974A11E00CDCEDC /* CookieCrunchTests */ = {
			isa = PBXNativeTarget;
			buildConfigurationList = F9C4A5071974A11E00CDCEDC /* Build configuration list for PBXNativeTarget "CookieCrunchTests" */;
			buildPhases = (
				F9C4A4F61974A11E00CDCEDC /* Sources */,
				F9C4A4F71974A11E00CDCEDC /* Frameworks */,
				F9C4A4F81974A11E00CDCEDC /* Resources */,
			);
			buildRules = (
			);
			dependencies = (
				F9C4A4FC1974A11E00CDCEDC /* PBXTargetDependency */,
			);
			name = CookieCrunchTests;
			productName = CookieCrunchTests;
			productReference = F9C4A4FA1974A11E00CDCEDC /* CookieCrunchTests.xctest */;
			productType = "com.apple.product-type.bundle.unit-test";
		};
/* End PBXNativeTarget section */

/* Begin PBXProject section */
		F9C4A4DC1974A11D00CDCEDC /* Project object */ = {
			isa = PBXProject;
			attributes = {
				LastUpgradeCheck = 0600;
				ORGANIZATIONNAME = "Hector Enrique Gomez Morales";
				TargetAttributes = {
					F9C4A4E31974A11D00CDCEDC = {
						CreatedOnToolsVersion = 6.0;
					};
					F9C4A4F91974A11E00CDCEDC = {
						CreatedOnToolsVersion = 6.0;
						TestTargetID = F9C4A4E31974A11D00CDCEDC;
					};
				};
			};
			buildConfigurationList = F9C4A4DF1974A11D00CDCEDC /* Build configuration list for PBXProject "CookieCrunch" */;
			compatibilityVersion = "Xcode 3.2";
			developmentRegion = English;
			hasScannedForEncodings = 0;
			knownRegions = (
				en,
				Base,
			);
			mainGroup = F9C4A4DB1974A11D00CDCEDC;
			productRefGroup = F9C4A4E51974A11D00CDCEDC /* Products */;
			projectDirPath = "";
			projectRoot = "";
			targets = (
				F9C4A4E31974A11D00CDCEDC /* CookieCrunch */,
				F9C4A4F91974A11E00CDCEDC /* CookieCrunchTests */,
			);
		};
/* End PBXProject section */

/* Begin PBXResourcesBuildPhase section */
		F9C4A4E21974A11D00CDCEDC /* Resources */ = {
			isa = PBXResourcesBuildPhase;
			buildActionMask = 2147483647;
			files = (
				F9C4A4F51974A11E00CDCEDC /* Images.xcassets in Resources */,
				F9C4A50B1974A19300CDCEDC /* Sprites.atlas in Resources */,
				F9C4A4F31974A11E00CDCEDC /* Main.storyboard in Resources */,
			);
			runOnlyForDeploymentPostprocessing = 0;
		};
		F9C4A4F81974A11E00CDCEDC /* Resources */ = {
			isa = PBXResourcesBuildPhase;
			buildActionMask = 2147483647;
			files = (
			);
			runOnlyForDeploymentPostprocessing = 0;
		};
/* End PBXResourcesBuildPhase section */

/* Begin PBXSourcesBuildPhase section */
		F9C4A4E01974A11D00CDCEDC /* Sources */ = {
			isa = PBXSourcesBuildPhase;
			buildActionMask = 2147483647;
			files = (
				F9C4A4EE1974A11D00CDCEDC /* GameScene.swift in Sources */,
				F9C4A50D1974A58E00CDCEDC /* Cookie.swift in Sources */,
				F986634D19760C65001021CB /* Set.swift in Sources */,
				F9C4A4F01974A11D00CDCEDC /* GameViewController.swift in Sources */,
				F9C4A4EA1974A11D00CDCEDC /* AppDelegate.swift in Sources */,
				F9C4A50F1974A91300CDCEDC /* Array2D.swift in Sources */,
			);
			runOnlyForDeploymentPostprocessing = 0;
		};
		F9C4A4F61974A11E00CDCEDC /* Sources */ = {
			isa = PBXSourcesBuildPhase;
			buildActionMask = 2147483647;
			files = (
				F9C4A5011974A11E00CDCEDC /* CookieCrunchTests.swift in Sources */,
			);
			runOnlyForDeploymentPostprocessing = 0;
		};
/* End PBXSourcesBuildPhase section */

/* Begin PBXTargetDependency section */
		F9C4A4FC1974A11E00CDCEDC /* PBXTargetDependency */ = {
			isa = PBXTargetDependency;
			target = F9C4A4E31974A11D00CDCEDC /* CookieCrunch */;
			targetProxy = F9C4A4FB1974A11E00CDCEDC /* PBXContainerItemProxy */;
		};
/* End PBXTargetDependency section */

/* Begin PBXVariantGroup section */
		F9C4A4F11974A11E00CDCEDC /* Main.storyboard */ = {
			isa = PBXVariantGroup;
			children = (
				F9C4A4F21974A11E00CDCEDC /* Base */,
			);
			name = Main.storyboard;
			sourceTree = "<group>";
		};
/* End PBXVariantGroup section */

/* Begin XCBuildConfiguration section */
		F9C4A5021974A11E00CDCEDC /* Debug */ = {
			isa = XCBuildConfiguration;
			buildSettings = {
				ALWAYS_SEARCH_USER_PATHS = NO;
				CLANG_CXX_LANGUAGE_STANDARD = "gnu++0x";
				CLANG_CXX_LIBRARY = "libc++";
				CLANG_ENABLE_MODULES = YES;
				CLANG_ENABLE_OBJC_ARC = YES;
				CLANG_WARN_BOOL_CONVERSION = YES;
				CLANG_WARN_CONSTANT_CONVERSION = YES;
				CLANG_WARN_DIRECT_OBJC_ISA_USAGE = YES_ERROR;
				CLANG_WARN_EMPTY_BODY = YES;
				CLANG_WARN_ENUM_CONVERSION = YES;
				CLANG_WARN_INT_CONVERSION = YES;
				CLANG_WARN_OBJC_ROOT_CLASS = YES_ERROR;
				CLANG_WARN_UNREACHABLE_CODE = YES;
				CLANG_WARN__DUPLICATE_METHOD_MATCH = YES;
				"CODE_SIGN_IDENTITY[sdk=iphoneos*]" = "iPhone Developer";
				COPY_PHASE_STRIP = NO;
				ENABLE_STRICT_OBJC_MSGSEND = YES;
				GCC_C_LANGUAGE_STANDARD = gnu99;
				GCC_DYNAMIC_NO_PIC = NO;
				GCC_OPTIMIZATION_LEVEL = 0;
				GCC_PREPROCESSOR_DEFINITIONS = (
					"DEBUG=1",
					"$(inherited)",
				);
				GCC_SYMBOLS_PRIVATE_EXTERN = NO;
				GCC_WARN_64_TO_32_BIT_CONVERSION = YES;
				GCC_WARN_ABOUT_RETURN_TYPE = YES_ERROR;
				GCC_WARN_UNDECLARED_SELECTOR = YES;
				GCC_WARN_UNINITIALIZED_AUTOS = YES_AGGRESSIVE;
				GCC_WARN_UNUSED_FUNCTION = YES;
				GCC_WARN_UNUSED_VARIABLE = YES;
				IPHONEOS_DEPLOYMENT_TARGET = 8.0;
				MTL_ENABLE_DEBUG_INFO = YES;
				ONLY_ACTIVE_ARCH = YES;
				SDKROOT = iphoneos;
				SWIFT_OPTIMIZATION_LEVEL = "-Onone";
			};
			name = Debug;
		};
		F9C4A5031974A11E00CDCEDC /* Release */ = {
			isa = XCBuildConfiguration;
			buildSettings = {
				ALWAYS_SEARCH_USER_PATHS = NO;
				CLANG_CXX_LANGUAGE_STANDARD = "gnu++0x";
				CLANG_CXX_LIBRARY = "libc++";
				CLANG_ENABLE_MODULES = YES;
				CLANG_ENABLE_OBJC_ARC = YES;
				CLANG_WARN_BOOL_CONVERSION = YES;
				CLANG_WARN_CONSTANT_CONVERSION = YES;
				CLANG_WARN_DIRECT_OBJC_ISA_USAGE = YES_ERROR;
				CLANG_WARN_EMPTY_BODY = YES;
				CLANG_WARN_ENUM_CONVERSION = YES;
				CLANG_WARN_INT_CONVERSION = YES;
				CLANG_WARN_OBJC_ROOT_CLASS = YES_ERROR;
				CLANG_WARN_UNREACHABLE_CODE = YES;
				CLANG_WARN__DUPLICATE_METHOD_MATCH = YES;
				"CODE_SIGN_IDENTITY[sdk=iphoneos*]" = "iPhone Developer";
				COPY_PHASE_STRIP = YES;
				ENABLE_NS_ASSERTIONS = NO;
				ENABLE_STRICT_OBJC_MSGSEND = YES;
				GCC_C_LANGUAGE_STANDARD = gnu99;
				GCC_WARN_64_TO_32_BIT_CONVERSION = YES;
				GCC_WARN_ABOUT_RETURN_TYPE = YES_ERROR;
				GCC_WARN_UNDECLARED_SELECTOR = YES;
				GCC_WARN_UNINITIALIZED_AUTOS = YES_AGGRESSIVE;
				GCC_WARN_UNUSED_FUNCTION = YES;
				GCC_WARN_UNUSED_VARIABLE = YES;
				IPHONEOS_DEPLOYMENT_TARGET = 8.0;
				MTL_ENABLE_DEBUG_INFO = NO;
				SDKROOT = iphoneos;
				VALIDATE_PRODUCT = YES;
			};
			name = Release;
		};
		F9C4A5051974A11E00CDCEDC /* Debug */ = {
			isa = XCBuildConfiguration;
			buildSettings = {
				ASSETCATALOG_COMPILER_APPICON_NAME = AppIcon;
				ASSETCATALOG_COMPILER_LAUNCHIMAGE_NAME = LaunchImage;
				INFOPLIST_FILE = CookieCrunch/Info.plist;
				LD_RUNPATH_SEARCH_PATHS = "$(inherited) @executable_path/Frameworks";
				PRODUCT_NAME = "$(TARGET_NAME)";
			};
			name = Debug;
		};
		F9C4A5061974A11E00CDCEDC /* Release */ = {
			isa = XCBuildConfiguration;
			buildSettings = {
				ASSETCATALOG_COMPILER_APPICON_NAME = AppIcon;
				ASSETCATALOG_COMPILER_LAUNCHIMAGE_NAME = LaunchImage;
				INFOPLIST_FILE = CookieCrunch/Info.plist;
				LD_RUNPATH_SEARCH_PATHS = "$(inherited) @executable_path/Frameworks";
				PRODUCT_NAME = "$(TARGET_NAME)";
			};
			name = Release;
		};
		F9C4A5081974A11E00CDCEDC /* Debug */ = {
			isa = XCBuildConfiguration;
			buildSettings = {
				BUNDLE_LOADER = "$(BUILT_PRODUCTS_DIR)/CookieCrunch.app/CookieCrunch";
				FRAMEWORK_SEARCH_PATHS = (
					"$(SDKROOT)/Developer/Library/Frameworks",
					"$(inherited)",
				);
				GCC_PREPROCESSOR_DEFINITIONS = (
					"DEBUG=1",
					"$(inherited)",
				);
				INFOPLIST_FILE = CookieCrunchTests/Info.plist;
				LD_RUNPATH_SEARCH_PATHS = "$(inherited) @executable_path/Frameworks @loader_path/Frameworks";
				PRODUCT_NAME = "$(TARGET_NAME)";
				TEST_HOST = "$(BUNDLE_LOADER)";
			};
			name = Debug;
		};
		F9C4A5091974A11E00CDCEDC /* Release */ = {
			isa = XCBuildConfiguration;
			buildSettings = {
				BUNDLE_LOADER = "$(BUILT_PRODUCTS_DIR)/CookieCrunch.app/CookieCrunch";
				FRAMEWORK_SEARCH_PATHS = (
					"$(SDKROOT)/Developer/Library/Frameworks",
					"$(inherited)",
				);
				INFOPLIST_FILE = CookieCrunchTests/Info.plist;
				LD_RUNPATH_SEARCH_PATHS = "$(inherited) @executable_path/Frameworks @loader_path/Frameworks";
				PRODUCT_NAME = "$(TARGET_NAME)";
				TEST_HOST = "$(BUNDLE_LOADER)";
			};
			name = Release;
		};
/* End XCBuildConfiguration section */

/* Begin XCConfigurationList section */
		F9C4A4DF1974A11D00CDCEDC /* Build configuration list for PBXProject "CookieCrunch" */ = {
			isa = XCConfigurationList;
			buildConfigurations = (
				F9C4A5021974A11E00CDCEDC /* Debug */,
				F9C4A5031974A11E00CDCEDC /* Release */,
			);
			defaultConfigurationIsVisible = 0;
			defaultConfigurationName = Release;
		};
		F9C4A5041974A11E00CDCEDC /* Build configuration list for PBXNativeTarget "CookieCrunch" */ = {
			isa = XCConfigurationList;
			buildConfigurations = (
				F9C4A5051974A11E00CDCEDC /* Debug */,
				F9C4A5061974A11E00CDCEDC /* Release */,
			);
			defaultConfigurationIsVisible = 0;
			defaultConfigurationName = Release;
		};
		F9C4A5071974A11E00CDCEDC /* Build configuration list for PBXNativeTarget "CookieCrunchTests" */ = {
			isa = XCConfigurationList;
			buildConfigurations = (
				F9C4A5081974A11E00CDCEDC /* Debug */,
				F9C4A5091974A11E00CDCEDC /* Release */,
			);
			defaultConfigurationIsVisible = 0;
			defaultConfigurationName = Release;
		};
/* End XCConfigurationList section */
	};
	rootObject = F9C4A4DC1974A11D00CDCEDC /* Project object */;
}
