// !$*UTF8*$!
{
	archiveVersion = 1;
	classes = {
	};
	objectVersion = 46;
	objects = {

/* Begin PBXBuildFile section */
		F9372EA1198F04880004F7B7 /* AppDelegate.swift in Sources */ = {isa = PBXBuildFile; fileRef = F9372EA0198F04880004F7B7 /* AppDelegate.swift */; };
		F9372EA3198F04880004F7B7 /* ViewController.swift in Sources */ = {isa = PBXBuildFile; fileRef = F9372EA2198F04880004F7B7 /* ViewController.swift */; };
		F9372EA6198F04880004F7B7 /* Main.storyboard in Resources */ = {isa = PBXBuildFile; fileRef = F9372EA4198F04880004F7B7 /* Main.storyboard */; };
		F9372EA8198F04880004F7B7 /* Images.xcassets in Resources */ = {isa = PBXBuildFile; fileRef = F9372EA7198F04880004F7B7 /* Images.xcassets */; };
		F9372EB4198F04880004F7B7 /* BeaconTests.swift in Sources */ = {isa = PBXBuildFile; fileRef = F9372EB3198F04880004F7B7 /* BeaconTests.swift */; };
		F9372EBE198F06100004F7B7 /* CoreBluetooth.framework in Frameworks */ = {isa = PBXBuildFile; fileRef = F9372EBD198F06100004F7B7 /* CoreBluetooth.framework */; };
		F9372EC0198F061A0004F7B7 /* CoreLocation.framework in Frameworks */ = {isa = PBXBuildFile; fileRef = F9372EBF198F061A0004F7B7 /* CoreLocation.framework */; };
/* End PBXBuildFile section */

/* Begin PBXContainerItemProxy section */
		F9372EAE198F04880004F7B7 /* PBXContainerItemProxy */ = {
			isa = PBXContainerItemProxy;
			containerPortal = F9372E93198F04880004F7B7 /* Project object */;
			proxyType = 1;
			remoteGlobalIDString = F9372E9A198F04880004F7B7;
			remoteInfo = Beacon;
		};
/* End PBXContainerItemProxy section */

/* Begin PBXFileReference section */
		F9372E9B198F04880004F7B7 /* Beacon.app */ = {isa = PBXFileReference; explicitFileType = wrapper.application; includeInIndex = 0; path = Beacon.app; sourceTree = BUILT_PRODUCTS_DIR; };
		F9372E9F198F04880004F7B7 /* Info.plist */ = {isa = PBXFileReference; lastKnownFileType = text.plist.xml; path = Info.plist; sourceTree = "<group>"; };
		F9372EA0198F04880004F7B7 /* AppDelegate.swift */ = {isa = PBXFileReference; lastKnownFileType = sourcecode.swift; path = AppDelegate.swift; sourceTree = "<group>"; };
		F9372EA2198F04880004F7B7 /* ViewController.swift */ = {isa = PBXFileReference; lastKnownFileType = sourcecode.swift; path = ViewController.swift; sourceTree = "<group>"; };
		F9372EA5198F04880004F7B7 /* Base */ = {isa = PBXFileReference; lastKnownFileType = file.storyboard; name = Base; path = Base.lproj/Main.storyboard; sourceTree = "<group>"; };
		F9372EA7198F04880004F7B7 /* Images.xcassets */ = {isa = PBXFileReference; lastKnownFileType = folder.assetcatalog; path = Images.xcassets; sourceTree = "<group>"; };
		F9372EAD198F04880004F7B7 /* BeaconTests.xctest */ = {isa = PBXFileReference; explicitFileType = wrapper.cfbundle; includeInIndex = 0; path = BeaconTests.xctest; sourceTree = BUILT_PRODUCTS_DIR; };
		F9372EB2198F04880004F7B7 /* Info.plist */ = {isa = PBXFileReference; lastKnownFileType = text.plist.xml; path = Info.plist; sourceTree = "<group>"; };
		F9372EB3198F04880004F7B7 /* BeaconTests.swift */ = {isa = PBXFileReference; lastKnownFileType = sourcecode.swift; path = BeaconTests.swift; sourceTree = "<group>"; };
		F9372EBD198F06100004F7B7 /* CoreBluetooth.framework */ = {isa = PBXFileReference; lastKnownFileType = wrapper.framework; name = CoreBluetooth.framework; path = System/Library/Frameworks/CoreBluetooth.framework; sourceTree = SDKROOT; };
		F9372EBF198F061A0004F7B7 /* CoreLocation.framework */ = {isa = PBXFileReference; lastKnownFileType = wrapper.framework; name = CoreLocation.framework; path = System/Library/Frameworks/CoreLocation.framework; sourceTree = SDKROOT; };
/* End PBXFileReference section */

/* Begin PBXFrameworksBuildPhase section */
		F9372E98198F04880004F7B7 /* Frameworks */ = {
			isa = PBXFrameworksBuildPhase;
			buildActionMask = 2147483647;
			files = (
				F9372EC0198F061A0004F7B7 /* CoreLocation.framework in Frameworks */,
				F9372EBE198F06100004F7B7 /* CoreBluetooth.framework in Frameworks */,
			);
			runOnlyForDeploymentPostprocessing = 0;
		};
		F9372EAA198F04880004F7B7 /* Frameworks */ = {
			isa = PBXFrameworksBuildPhase;
			buildActionMask = 2147483647;
			files = (
			);
			runOnlyForDeploymentPostprocessing = 0;
		};
/* End PBXFrameworksBuildPhase section */

/* Begin PBXGroup section */
		F9372E92198F04880004F7B7 = {
			isa = PBXGroup;
			children = (
				F9372E9D198F04880004F7B7 /* Beacon */,
				F9372EB0198F04880004F7B7 /* BeaconTests */,
				F9372E9C198F04880004F7B7 /* Products */,
			);
			sourceTree = "<group>";
		};
		F9372E9C198F04880004F7B7 /* Products */ = {
			isa = PBXGroup;
			children = (
				F9372E9B198F04880004F7B7 /* Beacon.app */,
				F9372EAD198F04880004F7B7 /* BeaconTests.xctest */,
			);
			name = Products;
			sourceTree = "<group>";
		};
		F9372E9D198F04880004F7B7 /* Beacon */ = {
			isa = PBXGroup;
			children = (
				F9372EA0198F04880004F7B7 /* AppDelegate.swift */,
				F9372EA2198F04880004F7B7 /* ViewController.swift */,
				F9372EA4198F04880004F7B7 /* Main.storyboard */,
				F9372EA7198F04880004F7B7 /* Images.xcassets */,
				F9372E9E198F04880004F7B7 /* Supporting Files */,
			);
			path = Beacon;
			sourceTree = "<group>";
		};
		F9372E9E198F04880004F7B7 /* Supporting Files */ = {
			isa = PBXGroup;
			children = (
				F9372EBD198F06100004F7B7 /* CoreBluetooth.framework */,
				F9372EBF198F061A0004F7B7 /* CoreLocation.framework */,
				F9372E9F198F04880004F7B7 /* Info.plist */,
			);
			name = "Supporting Files";
			sourceTree = "<group>";
		};
		F9372EB0198F04880004F7B7 /* BeaconTests */ = {
			isa = PBXGroup;
			children = (
				F9372EB3198F04880004F7B7 /* BeaconTests.swift */,
				F9372EB1198F04880004F7B7 /* Supporting Files */,
			);
			path = BeaconTests;
			sourceTree = "<group>";
		};
		F9372EB1198F04880004F7B7 /* Supporting Files */ = {
			isa = PBXGroup;
			children = (
				F9372EB2198F04880004F7B7 /* Info.plist */,
			);
			name = "Supporting Files";
			sourceTree = "<group>";
		};
/* End PBXGroup section */

/* Begin PBXNativeTarget section */
		F9372E9A198F04880004F7B7 /* Beacon */ = {
			isa = PBXNativeTarget;
			buildConfigurationList = F9372EB7198F04880004F7B7 /* Build configuration list for PBXNativeTarget "Beacon" */;
			buildPhases = (
				F9372E97198F04880004F7B7 /* Sources */,
				F9372E98198F04880004F7B7 /* Frameworks */,
				F9372E99198F04880004F7B7 /* Resources */,
			);
			buildRules = (
			);
			dependencies = (
			);
			name = Beacon;
			productName = Beacon;
			productReference = F9372E9B198F04880004F7B7 /* Beacon.app */;
			productType = "com.apple.product-type.application";
		};
		F9372EAC198F04880004F7B7 /* BeaconTests */ = {
			isa = PBXNativeTarget;
			buildConfigurationList = F9372EBA198F04880004F7B7 /* Build configuration list for PBXNativeTarget "BeaconTests" */;
			buildPhases = (
				F9372EA9198F04880004F7B7 /* Sources */,
				F9372EAA198F04880004F7B7 /* Frameworks */,
				F9372EAB198F04880004F7B7 /* Resources */,
			);
			buildRules = (
			);
			dependencies = (
				F9372EAF198F04880004F7B7 /* PBXTargetDependency */,
			);
			name = BeaconTests;
			productName = BeaconTests;
			productReference = F9372EAD198F04880004F7B7 /* BeaconTests.xctest */;
			productType = "com.apple.product-type.bundle.unit-test";
		};
/* End PBXNativeTarget section */

/* Begin PBXProject section */
		F9372E93198F04880004F7B7 /* Project object */ = {
			isa = PBXProject;
			attributes = {
				LastUpgradeCheck = 0600;
				ORGANIZATIONNAME = "Hector Enrique Gomez Morales";
				TargetAttributes = {
					F9372E9A198F04880004F7B7 = {
						CreatedOnToolsVersion = 6.0;
					};
					F9372EAC198F04880004F7B7 = {
						CreatedOnToolsVersion = 6.0;
						TestTargetID = F9372E9A198F04880004F7B7;
					};
				};
			};
			buildConfigurationList = F9372E96198F04880004F7B7 /* Build configuration list for PBXProject "Beacon" */;
			compatibilityVersion = "Xcode 3.2";
			developmentRegion = English;
			hasScannedForEncodings = 0;
			knownRegions = (
				en,
				Base,
			);
			mainGroup = F9372E92198F04880004F7B7;
			productRefGroup = F9372E9C198F04880004F7B7 /* Products */;
			projectDirPath = "";
			projectRoot = "";
			targets = (
				F9372E9A198F04880004F7B7 /* Beacon */,
				F9372EAC198F04880004F7B7 /* BeaconTests */,
			);
		};
/* End PBXProject section */

/* Begin PBXResourcesBuildPhase section */
		F9372E99198F04880004F7B7 /* Resources */ = {
			isa = PBXResourcesBuildPhase;
			buildActionMask = 2147483647;
			files = (
				F9372EA6198F04880004F7B7 /* Main.storyboard in Resources */,
				F9372EA8198F04880004F7B7 /* Images.xcassets in Resources */,
			);
			runOnlyForDeploymentPostprocessing = 0;
		};
		F9372EAB198F04880004F7B7 /* Resources */ = {
			isa = PBXResourcesBuildPhase;
			buildActionMask = 2147483647;
			files = (
			);
			runOnlyForDeploymentPostprocessing = 0;
		};
/* End PBXResourcesBuildPhase section */

/* Begin PBXSourcesBuildPhase section */
		F9372E97198F04880004F7B7 /* Sources */ = {
			isa = PBXSourcesBuildPhase;
			buildActionMask = 2147483647;
			files = (
				F9372EA3198F04880004F7B7 /* ViewController.swift in Sources */,
				F9372EA1198F04880004F7B7 /* AppDelegate.swift in Sources */,
			);
			runOnlyForDeploymentPostprocessing = 0;
		};
		F9372EA9198F04880004F7B7 /* Sources */ = {
			isa = PBXSourcesBuildPhase;
			buildActionMask = 2147483647;
			files = (
				F9372EB4198F04880004F7B7 /* BeaconTests.swift in Sources */,
			);
			runOnlyForDeploymentPostprocessing = 0;
		};
/* End PBXSourcesBuildPhase section */

/* Begin PBXTargetDependency section */
		F9372EAF198F04880004F7B7 /* PBXTargetDependency */ = {
			isa = PBXTargetDependency;
			target = F9372E9A198F04880004F7B7 /* Beacon */;
			targetProxy = F9372EAE198F04880004F7B7 /* PBXContainerItemProxy */;
		};
/* End PBXTargetDependency section */

/* Begin PBXVariantGroup section */
		F9372EA4198F04880004F7B7 /* Main.storyboard */ = {
			isa = PBXVariantGroup;
			children = (
				F9372EA5198F04880004F7B7 /* Base */,
			);
			name = Main.storyboard;
			sourceTree = "<group>";
		};
/* End PBXVariantGroup section */

/* Begin XCBuildConfiguration section */
		F9372EB5198F04880004F7B7 /* Debug */ = {
			isa = XCBuildConfiguration;
			buildSettings = {
				ALWAYS_SEARCH_USER_PATHS = NO;
				CLANG_CXX_LANGUAGE_STANDARD = "gnu++0x";
				CLANG_CXX_LIBRARY = "libc++";
				CLANG_ENABLE_MODULES = YES;
				CLANG_ENABLE_OBJC_ARC = YES;
				CLANG_WARN_BOOL_CONVERSION = YES;
				CLANG_WARN_CONSTANT_CONVERSION = YES;
				CLANG_WARN_DIRECT_OBJC_ISA_USAGE = YES_ERROR;
				CLANG_WARN_EMPTY_BODY = YES;
				CLANG_WARN_ENUM_CONVERSION = YES;
				CLANG_WARN_INT_CONVERSION = YES;
				CLANG_WARN_OBJC_ROOT_CLASS = YES_ERROR;
				CLANG_WARN_UNREACHABLE_CODE = YES;
				CLANG_WARN__DUPLICATE_METHOD_MATCH = YES;
				"CODE_SIGN_IDENTITY[sdk=iphoneos*]" = "iPhone Developer";
				COPY_PHASE_STRIP = NO;
				ENABLE_STRICT_OBJC_MSGSEND = YES;
				GCC_C_LANGUAGE_STANDARD = gnu99;
				GCC_DYNAMIC_NO_PIC = NO;
				GCC_OPTIMIZATION_LEVEL = 0;
				GCC_PREPROCESSOR_DEFINITIONS = (
					"DEBUG=1",
					"$(inherited)",
				);
				GCC_SYMBOLS_PRIVATE_EXTERN = NO;
				GCC_WARN_64_TO_32_BIT_CONVERSION = YES;
				GCC_WARN_ABOUT_RETURN_TYPE = YES_ERROR;
				GCC_WARN_UNDECLARED_SELECTOR = YES;
				GCC_WARN_UNINITIALIZED_AUTOS = YES_AGGRESSIVE;
				GCC_WARN_UNUSED_FUNCTION = YES;
				GCC_WARN_UNUSED_VARIABLE = YES;
				IPHONEOS_DEPLOYMENT_TARGET = 8.0;
				MTL_ENABLE_DEBUG_INFO = YES;
				ONLY_ACTIVE_ARCH = YES;
				SDKROOT = iphoneos;
				SWIFT_OPTIMIZATION_LEVEL = "-Onone";
			};
			name = Debug;
		};
		F9372EB6198F04880004F7B7 /* Release */ = {
			isa = XCBuildConfiguration;
			buildSettings = {
				ALWAYS_SEARCH_USER_PATHS = NO;
				CLANG_CXX_LANGUAGE_STANDARD = "gnu++0x";
				CLANG_CXX_LIBRARY = "libc++";
				CLANG_ENABLE_MODULES = YES;
				CLANG_ENABLE_OBJC_ARC = YES;
				CLANG_WARN_BOOL_CONVERSION = YES;
				CLANG_WARN_CONSTANT_CONVERSION = YES;
				CLANG_WARN_DIRECT_OBJC_ISA_USAGE = YES_ERROR;
				CLANG_WARN_EMPTY_BODY = YES;
				CLANG_WARN_ENUM_CONVERSION = YES;
				CLANG_WARN_INT_CONVERSION = YES;
				CLANG_WARN_OBJC_ROOT_CLASS = YES_ERROR;
				CLANG_WARN_UNREACHABLE_CODE = YES;
				CLANG_WARN__DUPLICATE_METHOD_MATCH = YES;
				"CODE_SIGN_IDENTITY[sdk=iphoneos*]" = "iPhone Developer";
				COPY_PHASE_STRIP = YES;
				ENABLE_NS_ASSERTIONS = NO;
				ENABLE_STRICT_OBJC_MSGSEND = YES;
				GCC_C_LANGUAGE_STANDARD = gnu99;
				GCC_WARN_64_TO_32_BIT_CONVERSION = YES;
				GCC_WARN_ABOUT_RETURN_TYPE = YES_ERROR;
				GCC_WARN_UNDECLARED_SELECTOR = YES;
				GCC_WARN_UNINITIALIZED_AUTOS = YES_AGGRESSIVE;
				GCC_WARN_UNUSED_FUNCTION = YES;
				GCC_WARN_UNUSED_VARIABLE = YES;
				IPHONEOS_DEPLOYMENT_TARGET = 8.0;
				MTL_ENABLE_DEBUG_INFO = NO;
				SDKROOT = iphoneos;
				VALIDATE_PRODUCT = YES;
			};
			name = Release;
		};
		F9372EB8198F04880004F7B7 /* Debug */ = {
			isa = XCBuildConfiguration;
			buildSettings = {
				ASSETCATALOG_COMPILER_APPICON_NAME = AppIcon;
				ASSETCATALOG_COMPILER_LAUNCHIMAGE_NAME = LaunchImage;
				INFOPLIST_FILE = Beacon/Info.plist;
				LD_RUNPATH_SEARCH_PATHS = "$(inherited) @executable_path/Frameworks";
				PRODUCT_NAME = "$(TARGET_NAME)";
			};
			name = Debug;
		};
		F9372EB9198F04880004F7B7 /* Release */ = {
			isa = XCBuildConfiguration;
			buildSettings = {
				ASSETCATALOG_COMPILER_APPICON_NAME = AppIcon;
				ASSETCATALOG_COMPILER_LAUNCHIMAGE_NAME = LaunchImage;
				INFOPLIST_FILE = Beacon/Info.plist;
				LD_RUNPATH_SEARCH_PATHS = "$(inherited) @executable_path/Frameworks";
				PRODUCT_NAME = "$(TARGET_NAME)";
			};
			name = Release;
		};
		F9372EBB198F04880004F7B7 /* Debug */ = {
			isa = XCBuildConfiguration;
			buildSettings = {
				BUNDLE_LOADER = "$(BUILT_PRODUCTS_DIR)/Beacon.app/Beacon";
				FRAMEWORK_SEARCH_PATHS = (
					"$(SDKROOT)/Developer/Library/Frameworks",
					"$(inherited)",
				);
				GCC_PREPROCESSOR_DEFINITIONS = (
					"DEBUG=1",
					"$(inherited)",
				);
				INFOPLIST_FILE = BeaconTests/Info.plist;
				LD_RUNPATH_SEARCH_PATHS = "$(inherited) @executable_path/Frameworks @loader_path/Frameworks";
				PRODUCT_NAME = "$(TARGET_NAME)";
				TEST_HOST = "$(BUNDLE_LOADER)";
			};
			name = Debug;
		};
		F9372EBC198F04880004F7B7 /* Release */ = {
			isa = XCBuildConfiguration;
			buildSettings = {
				BUNDLE_LOADER = "$(BUILT_PRODUCTS_DIR)/Beacon.app/Beacon";
				FRAMEWORK_SEARCH_PATHS = (
					"$(SDKROOT)/Developer/Library/Frameworks",
					"$(inherited)",
				);
				INFOPLIST_FILE = BeaconTests/Info.plist;
				LD_RUNPATH_SEARCH_PATHS = "$(inherited) @executable_path/Frameworks @loader_path/Frameworks";
				PRODUCT_NAME = "$(TARGET_NAME)";
				TEST_HOST = "$(BUNDLE_LOADER)";
			};
			name = Release;
		};
/* End XCBuildConfiguration section */

/* Begin XCConfigurationList section */
		F9372E96198F04880004F7B7 /* Build configuration list for PBXProject "Beacon" */ = {
			isa = XCConfigurationList;
			buildConfigurations = (
				F9372EB5198F04880004F7B7 /* Debug */,
				F9372EB6198F04880004F7B7 /* Release */,
			);
			defaultConfigurationIsVisible = 0;
			defaultConfigurationName = Release;
		};
		F9372EB7198F04880004F7B7 /* Build configuration list for PBXNativeTarget "Beacon" */ = {
			isa = XCConfigurationList;
			buildConfigurations = (
				F9372EB8198F04880004F7B7 /* Debug */,
				F9372EB9198F04880004F7B7 /* Release */,
			);
			defaultConfigurationIsVisible = 0;
		};
		F9372EBA198F04880004F7B7 /* Build configuration list for PBXNativeTarget "BeaconTests" */ = {
			isa = XCConfigurationList;
			buildConfigurations = (
				F9372EBB198F04880004F7B7 /* Debug */,
				F9372EBC198F04880004F7B7 /* Release */,
			);
			defaultConfigurationIsVisible = 0;
		};
/* End XCConfigurationList section */
	};
	rootObject = F9372E93198F04880004F7B7 /* Project object */;
}
